// !$*UTF8*$!
{
	archiveVersion = 1;
	classes = {
	};
	objectVersion = 51;
	objects = {

/* Begin PBXBuildFile section */
		180C2F2723C3B71700591A8A /* AppUtil.swift in Sources */ = {isa = PBXBuildFile; fileRef = 180C2F2523C3B71700591A8A /* AppUtil.swift */; };
		180C2F2823C3B71700591A8A /* APIManager.swift in Sources */ = {isa = PBXBuildFile; fileRef = 180C2F2623C3B71700591A8A /* APIManager.swift */; };
		18193DDD23D08CD4003CDA7F /* dashboardVC.swift in Sources */ = {isa = PBXBuildFile; fileRef = 18193DDC23D08CD4003CDA7F /* dashboardVC.swift */; };
		1840C80623C1FDF0004BA0DB /* signInViewController.swift in Sources */ = {isa = PBXBuildFile; fileRef = 1840C80523C1FDF0004BA0DB /* signInViewController.swift */; };
		1840C80923C20282004BA0DB /* ToastView.swift in Sources */ = {isa = PBXBuildFile; fileRef = 1840C80823C20282004BA0DB /* ToastView.swift */; };
		1841028E23C4F5B200D19755 /* credentials.plist in Resources */ = {isa = PBXBuildFile; fileRef = 1841028D23C4F5B200D19755 /* credentials.plist */; };
		184D92A823E156BE0098B0F8 /* googleUser.swift in Sources */ = {isa = PBXBuildFile; fileRef = 184D92A723E156BE0098B0F8 /* googleUser.swift */; };
		1853761923D09FCB001691A6 /* tripFeedVC.swift in Sources */ = {isa = PBXBuildFile; fileRef = 1853761823D09FCB001691A6 /* tripFeedVC.swift */; };
		1853761B23D0B409001691A6 /* mapsViewController.swift in Sources */ = {isa = PBXBuildFile; fileRef = 1853761A23D0B409001691A6 /* mapsViewController.swift */; };
		1855942D23B767A3008012BE /* ooredoo-Regular_gdi.ttf in Resources */ = {isa = PBXBuildFile; fileRef = 1855942C23B767A3008012BE /* ooredoo-Regular_gdi.ttf */; };
		1855942F23B767AC008012BE /* ooredoo-Bold_gdi.ttf in Resources */ = {isa = PBXBuildFile; fileRef = 1855942E23B767AC008012BE /* ooredoo-Bold_gdi.ttf */; };
		1855943223B7790C008012BE /* SettingsViewController.swift in Sources */ = {isa = PBXBuildFile; fileRef = 1855943123B7790C008012BE /* SettingsViewController.swift */; };
		185A85A923DB1F2D00F59EE1 /* tripFeedModel.swift in Sources */ = {isa = PBXBuildFile; fileRef = 185A85A823DB1F2D00F59EE1 /* tripFeedModel.swift */; };
		187DAE5B23FC8827000D86B2 /* shipmentFeedVC.swift in Sources */ = {isa = PBXBuildFile; fileRef = 187DAE5A23FC8827000D86B2 /* shipmentFeedVC.swift */; };
		1897137D23B4CF16003320F8 /* AppDelegate.swift in Sources */ = {isa = PBXBuildFile; fileRef = 1897137C23B4CF16003320F8 /* AppDelegate.swift */; };
		1897138423B4CF16003320F8 /* Main.storyboard in Resources */ = {isa = PBXBuildFile; fileRef = 1897138223B4CF16003320F8 /* Main.storyboard */; };
		1897138623B4CF1A003320F8 /* Assets.xcassets in Resources */ = {isa = PBXBuildFile; fileRef = 1897138523B4CF1A003320F8 /* Assets.xcassets */; };
		1897138923B4CF1A003320F8 /* LaunchScreen.storyboard in Resources */ = {isa = PBXBuildFile; fileRef = 1897138723B4CF1A003320F8 /* LaunchScreen.storyboard */; };
		189B1A8823D9F083008C12BA /* tripFeedCell.swift in Sources */ = {isa = PBXBuildFile; fileRef = 189B1A8723D9F083008C12BA /* tripFeedCell.swift */; };
		18A8274A23D1EA3400F28BAA /* TextFieldDesignable.swift in Sources */ = {isa = PBXBuildFile; fileRef = 18A8274923D1EA3400F28BAA /* TextFieldDesignable.swift */; };
		18A8274C23D1F3A800F28BAA /* TextViewDesignables.swift in Sources */ = {isa = PBXBuildFile; fileRef = 18A8274B23D1F3A800F28BAA /* TextViewDesignables.swift */; };
		18A8274E23D1F66A00F28BAA /* newTripVC.swift in Sources */ = {isa = PBXBuildFile; fileRef = 18A8274D23D1F66A00F28BAA /* newTripVC.swift */; };
		18A8275023D200C800F28BAA /* calendarPopOverVC.swift in Sources */ = {isa = PBXBuildFile; fileRef = 18A8274F23D200C800F28BAA /* calendarPopOverVC.swift */; };
		18A8275423D21F5800F28BAA /* UserModel.swift in Sources */ = {isa = PBXBuildFile; fileRef = 18A8275323D21F5800F28BAA /* UserModel.swift */; };
		18B0634A23B62134001B6F29 /* MainTabBarController.swift in Sources */ = {isa = PBXBuildFile; fileRef = 18B0634323B62134001B6F29 /* MainTabBarController.swift */; };
		18B0634B23B62134001B6F29 /* ProfileViewController.swift in Sources */ = {isa = PBXBuildFile; fileRef = 18B0634423B62134001B6F29 /* ProfileViewController.swift */; };
		18B0634C23B62134001B6F29 /* HomeViewController.swift in Sources */ = {isa = PBXBuildFile; fileRef = 18B0634523B62134001B6F29 /* HomeViewController.swift */; };
		18B0634D23B62134001B6F29 /* shipmentViewController.swift in Sources */ = {isa = PBXBuildFile; fileRef = 18B0634623B62134001B6F29 /* shipmentViewController.swift */; };
		18B0634E23B62134001B6F29 /* CYLPlusButtonSubclass.swift in Sources */ = {isa = PBXBuildFile; fileRef = 18B0634723B62134001B6F29 /* CYLPlusButtonSubclass.swift */; };
		18B0634F23B62134001B6F29 /* MessageViewController.swift in Sources */ = {isa = PBXBuildFile; fileRef = 18B0634823B62134001B6F29 /* MessageViewController.swift */; };
		18B0635323B626E2001B6F29 /* TermConditionsVC.swift in Sources */ = {isa = PBXBuildFile; fileRef = 18B0635223B626E2001B6F29 /* TermConditionsVC.swift */; };
		18D80C2223C1F63E00DE458D /* firstViewController.swift in Sources */ = {isa = PBXBuildFile; fileRef = 18D80C2123C1F63E00DE458D /* firstViewController.swift */; };
		18D80C2423C1F81300DE458D /* signUpViewController.swift in Sources */ = {isa = PBXBuildFile; fileRef = 18D80C2323C1F81300DE458D /* signUpViewController.swift */; };
		18EE9B0223B8C52000564E16 /* Dshipment.storyboard in Resources */ = {isa = PBXBuildFile; fileRef = 18EE9B0123B8C52000564E16 /* Dshipment.storyboard */; };
		18EE9B0423B8C54300564E16 /* Dtrips.storyboard in Resources */ = {isa = PBXBuildFile; fileRef = 18EE9B0323B8C54300564E16 /* Dtrips.storyboard */; };
		18EE9B0623B8C55500564E16 /* Dactivity.storyboard in Resources */ = {isa = PBXBuildFile; fileRef = 18EE9B0523B8C55500564E16 /* Dactivity.storyboard */; };
		18EE9B0823B8C56100564E16 /* Dsetting.storyboard in Resources */ = {isa = PBXBuildFile; fileRef = 18EE9B0723B8C56100564E16 /* Dsetting.storyboard */; };
		18F1336F23FDDC6C0037D937 /* newShipmentVC.swift in Sources */ = {isa = PBXBuildFile; fileRef = 18F1336E23FDDC6C0037D937 /* newShipmentVC.swift */; };
		B8DF0C466CECE5A55F550D52 /* Pods_Zagil.framework in Frameworks */ = {isa = PBXBuildFile; fileRef = 75C143DE91B3522871207F93 /* Pods_Zagil.framework */; };
/* End PBXBuildFile section */

/* Begin PBXFileReference section */
		180C2F2523C3B71700591A8A /* AppUtil.swift */ = {isa = PBXFileReference; fileEncoding = 4; lastKnownFileType = sourcecode.swift; path = AppUtil.swift; sourceTree = "<group>"; };
		180C2F2623C3B71700591A8A /* APIManager.swift */ = {isa = PBXFileReference; fileEncoding = 4; lastKnownFileType = sourcecode.swift; path = APIManager.swift; sourceTree = "<group>"; };
		18193DDC23D08CD4003CDA7F /* dashboardVC.swift */ = {isa = PBXFileReference; lastKnownFileType = sourcecode.swift; path = dashboardVC.swift; sourceTree = "<group>"; };
		1840C80523C1FDF0004BA0DB /* signInViewController.swift */ = {isa = PBXFileReference; lastKnownFileType = sourcecode.swift; path = signInViewController.swift; sourceTree = "<group>"; };
		1840C80823C20282004BA0DB /* ToastView.swift */ = {isa = PBXFileReference; fileEncoding = 4; lastKnownFileType = sourcecode.swift; path = ToastView.swift; sourceTree = "<group>"; };
		1841028D23C4F5B200D19755 /* credentials.plist */ = {isa = PBXFileReference; fileEncoding = 4; lastKnownFileType = text.plist.xml; path = credentials.plist; sourceTree = "<group>"; };
		184D92A723E156BE0098B0F8 /* googleUser.swift */ = {isa = PBXFileReference; lastKnownFileType = sourcecode.swift; path = googleUser.swift; sourceTree = "<group>"; };
		1853761823D09FCB001691A6 /* tripFeedVC.swift */ = {isa = PBXFileReference; lastKnownFileType = sourcecode.swift; path = tripFeedVC.swift; sourceTree = "<group>"; };
		1853761A23D0B409001691A6 /* mapsViewController.swift */ = {isa = PBXFileReference; lastKnownFileType = sourcecode.swift; path = mapsViewController.swift; sourceTree = "<group>"; };
		1855942C23B767A3008012BE /* ooredoo-Regular_gdi.ttf */ = {isa = PBXFileReference; lastKnownFileType = file; path = "ooredoo-Regular_gdi.ttf"; sourceTree = "<group>"; };
		1855942E23B767AC008012BE /* ooredoo-Bold_gdi.ttf */ = {isa = PBXFileReference; lastKnownFileType = file; path = "ooredoo-Bold_gdi.ttf"; sourceTree = "<group>"; };
		1855943123B7790C008012BE /* SettingsViewController.swift */ = {isa = PBXFileReference; lastKnownFileType = sourcecode.swift; path = SettingsViewController.swift; sourceTree = "<group>"; };
		185A85A823DB1F2D00F59EE1 /* tripFeedModel.swift */ = {isa = PBXFileReference; lastKnownFileType = sourcecode.swift; path = tripFeedModel.swift; sourceTree = "<group>"; };
		187DAE5A23FC8827000D86B2 /* shipmentFeedVC.swift */ = {isa = PBXFileReference; lastKnownFileType = sourcecode.swift; path = shipmentFeedVC.swift; sourceTree = "<group>"; };
		1897137923B4CF16003320F8 /* Zagil.app */ = {isa = PBXFileReference; explicitFileType = wrapper.application; includeInIndex = 0; path = Zagil.app; sourceTree = BUILT_PRODUCTS_DIR; };
		1897137C23B4CF16003320F8 /* AppDelegate.swift */ = {isa = PBXFileReference; lastKnownFileType = sourcecode.swift; path = AppDelegate.swift; sourceTree = "<group>"; };
		1897138323B4CF16003320F8 /* Base */ = {isa = PBXFileReference; lastKnownFileType = file.storyboard; name = Base; path = Base.lproj/Main.storyboard; sourceTree = "<group>"; };
		1897138523B4CF1A003320F8 /* Assets.xcassets */ = {isa = PBXFileReference; lastKnownFileType = folder.assetcatalog; path = Assets.xcassets; sourceTree = "<group>"; };
		1897138823B4CF1A003320F8 /* Base */ = {isa = PBXFileReference; lastKnownFileType = file.storyboard; name = Base; path = Base.lproj/LaunchScreen.storyboard; sourceTree = "<group>"; };
		1897138A23B4CF1A003320F8 /* Info.plist */ = {isa = PBXFileReference; lastKnownFileType = text.plist.xml; path = Info.plist; sourceTree = "<group>"; };
		189B1A8723D9F083008C12BA /* tripFeedCell.swift */ = {isa = PBXFileReference; lastKnownFileType = sourcecode.swift; path = tripFeedCell.swift; sourceTree = "<group>"; };
		18A8274923D1EA3400F28BAA /* TextFieldDesignable.swift */ = {isa = PBXFileReference; lastKnownFileType = sourcecode.swift; path = TextFieldDesignable.swift; sourceTree = "<group>"; };
		18A8274B23D1F3A800F28BAA /* TextViewDesignables.swift */ = {isa = PBXFileReference; lastKnownFileType = sourcecode.swift; path = TextViewDesignables.swift; sourceTree = "<group>"; };
		18A8274D23D1F66A00F28BAA /* newTripVC.swift */ = {isa = PBXFileReference; lastKnownFileType = sourcecode.swift; path = newTripVC.swift; sourceTree = "<group>"; };
		18A8274F23D200C800F28BAA /* calendarPopOverVC.swift */ = {isa = PBXFileReference; lastKnownFileType = sourcecode.swift; path = calendarPopOverVC.swift; sourceTree = "<group>"; };
		18A8275323D21F5800F28BAA /* UserModel.swift */ = {isa = PBXFileReference; lastKnownFileType = sourcecode.swift; path = UserModel.swift; sourceTree = "<group>"; };
		18B0634323B62134001B6F29 /* MainTabBarController.swift */ = {isa = PBXFileReference; fileEncoding = 4; lastKnownFileType = sourcecode.swift; path = MainTabBarController.swift; sourceTree = "<group>"; };
		18B0634423B62134001B6F29 /* ProfileViewController.swift */ = {isa = PBXFileReference; fileEncoding = 4; lastKnownFileType = sourcecode.swift; path = ProfileViewController.swift; sourceTree = "<group>"; };
		18B0634523B62134001B6F29 /* HomeViewController.swift */ = {isa = PBXFileReference; fileEncoding = 4; lastKnownFileType = sourcecode.swift; path = HomeViewController.swift; sourceTree = "<group>"; };
		18B0634623B62134001B6F29 /* shipmentViewController.swift */ = {isa = PBXFileReference; fileEncoding = 4; lastKnownFileType = sourcecode.swift; path = shipmentViewController.swift; sourceTree = "<group>"; };
		18B0634723B62134001B6F29 /* CYLPlusButtonSubclass.swift */ = {isa = PBXFileReference; fileEncoding = 4; lastKnownFileType = sourcecode.swift; path = CYLPlusButtonSubclass.swift; sourceTree = "<group>"; };
		18B0634823B62134001B6F29 /* MessageViewController.swift */ = {isa = PBXFileReference; fileEncoding = 4; lastKnownFileType = sourcecode.swift; path = MessageViewController.swift; sourceTree = "<group>"; };
		18B0635223B626E2001B6F29 /* TermConditionsVC.swift */ = {isa = PBXFileReference; lastKnownFileType = sourcecode.swift; path = TermConditionsVC.swift; sourceTree = "<group>"; };
		18D80C2123C1F63E00DE458D /* firstViewController.swift */ = {isa = PBXFileReference; lastKnownFileType = sourcecode.swift; path = firstViewController.swift; sourceTree = "<group>"; };
		18D80C2323C1F81300DE458D /* signUpViewController.swift */ = {isa = PBXFileReference; lastKnownFileType = sourcecode.swift; path = signUpViewController.swift; sourceTree = "<group>"; };
		18EE9B0123B8C52000564E16 /* Dshipment.storyboard */ = {isa = PBXFileReference; lastKnownFileType = file.storyboard; path = Dshipment.storyboard; sourceTree = "<group>"; };
		18EE9B0323B8C54300564E16 /* Dtrips.storyboard */ = {isa = PBXFileReference; lastKnownFileType = file.storyboard; path = Dtrips.storyboard; sourceTree = "<group>"; };
		18EE9B0523B8C55500564E16 /* Dactivity.storyboard */ = {isa = PBXFileReference; lastKnownFileType = file.storyboard; path = Dactivity.storyboard; sourceTree = "<group>"; };
		18EE9B0723B8C56100564E16 /* Dsetting.storyboard */ = {isa = PBXFileReference; lastKnownFileType = file.storyboard; path = Dsetting.storyboard; sourceTree = "<group>"; };
		18F1336E23FDDC6C0037D937 /* newShipmentVC.swift */ = {isa = PBXFileReference; lastKnownFileType = sourcecode.swift; path = newShipmentVC.swift; sourceTree = "<group>"; };
		39E003688AD5EB0BFC0E46EF /* Pods-Zagil.release.xcconfig */ = {isa = PBXFileReference; includeInIndex = 1; lastKnownFileType = text.xcconfig; name = "Pods-Zagil.release.xcconfig"; path = "Target Support Files/Pods-Zagil/Pods-Zagil.release.xcconfig"; sourceTree = "<group>"; };
		75C143DE91B3522871207F93 /* Pods_Zagil.framework */ = {isa = PBXFileReference; explicitFileType = wrapper.framework; includeInIndex = 0; path = Pods_Zagil.framework; sourceTree = BUILT_PRODUCTS_DIR; };
		E91BC30BDA6615AE73032539 /* Pods-Zagil.debug.xcconfig */ = {isa = PBXFileReference; includeInIndex = 1; lastKnownFileType = text.xcconfig; name = "Pods-Zagil.debug.xcconfig"; path = "Target Support Files/Pods-Zagil/Pods-Zagil.debug.xcconfig"; sourceTree = "<group>"; };
/* End PBXFileReference section */

/* Begin PBXFrameworksBuildPhase section */
		1897137623B4CF16003320F8 /* Frameworks */ = {
			isa = PBXFrameworksBuildPhase;
			buildActionMask = 2147483647;
			files = (
				B8DF0C466CECE5A55F550D52 /* Pods_Zagil.framework in Frameworks */,
			);
			runOnlyForDeploymentPostprocessing = 0;
		};
/* End PBXFrameworksBuildPhase section */

/* Begin PBXGroup section */
		1840C80723C2025C004BA0DB /* Utilities */ = {
			isa = PBXGroup;
			children = (
				1840C80823C20282004BA0DB /* ToastView.swift */,
				180C2F2523C3B71700591A8A /* AppUtil.swift */,
				180C2F2623C3B71700591A8A /* APIManager.swift */,
				18A8274923D1EA3400F28BAA /* TextFieldDesignable.swift */,
				18A8274B23D1F3A800F28BAA /* TextViewDesignables.swift */,
			);
			path = Utilities;
			sourceTree = "<group>";
		};
		1853761723D09FA6001691A6 /* DashboardFurtherController */ = {
			isa = PBXGroup;
			children = (
				1853761823D09FCB001691A6 /* tripFeedVC.swift */,
				189B1A8723D9F083008C12BA /* tripFeedCell.swift */,
				1853761A23D0B409001691A6 /* mapsViewController.swift */,
				18A8274D23D1F66A00F28BAA /* newTripVC.swift */,
				18A8274F23D200C800F28BAA /* calendarPopOverVC.swift */,
				187DAE5A23FC8827000D86B2 /* shipmentFeedVC.swift */,
				18F1336E23FDDC6C0037D937 /* newShipmentVC.swift */,
			);
			path = DashboardFurtherController;
			sourceTree = "<group>";
		};
		1855942B23B76797008012BE /* fonts */ = {
			isa = PBXGroup;
			children = (
				1855942E23B767AC008012BE /* ooredoo-Bold_gdi.ttf */,
				1855942C23B767A3008012BE /* ooredoo-Regular_gdi.ttf */,
			);
			path = fonts;
			sourceTree = "<group>";
		};
		1855943023B778EF008012BE /* ShipmentControllers */ = {
			isa = PBXGroup;
			children = (
				18EE9AFF23B8C2EB00564E16 /* ShipmentActivity */,
				18EE9AFE23B8C2E100564E16 /* ShipmentTrips */,
				18EE9AFD23B8C2CE00564E16 /* Shipments */,
				18EE9AFC23B8C28F00564E16 /* ShipmentSettings */,
			);
			path = ShipmentControllers;
			sourceTree = "<group>";
		};
		1897137023B4CF16003320F8 = {
			isa = PBXGroup;
			children = (
				1897137B23B4CF16003320F8 /* Zagil */,
				1897137A23B4CF16003320F8 /* Products */,
				AEAD30B9268B71A08AEA6BA9 /* Pods */,
				3BE9007489A3E4D171E8E22E /* Frameworks */,
			);
			sourceTree = "<group>";
		};
		1897137A23B4CF16003320F8 /* Products */ = {
			isa = PBXGroup;
			children = (
				1897137923B4CF16003320F8 /* Zagil.app */,
			);
			name = Products;
			sourceTree = "<group>";
		};
		1897137B23B4CF16003320F8 /* Zagil */ = {
			isa = PBXGroup;
			children = (
				1855942B23B76797008012BE /* fonts */,
				18A8275123D21F0100F28BAA /* Model */,
				1840C80723C2025C004BA0DB /* Utilities */,
				18D80C2023C1F61000DE458D /* SignUP&SignINcontroller */,
				18B0634123B6208C001B6F29 /* TabBarControllers */,
				1855943023B778EF008012BE /* ShipmentControllers */,
				1853761723D09FA6001691A6 /* DashboardFurtherController */,
				1897137C23B4CF16003320F8 /* AppDelegate.swift */,
				18B0635223B626E2001B6F29 /* TermConditionsVC.swift */,
				1897138223B4CF16003320F8 /* Main.storyboard */,
				18EE9B0023B8C4FC00564E16 /* StoryBoards */,
				1897138523B4CF1A003320F8 /* Assets.xcassets */,
				1897138723B4CF1A003320F8 /* LaunchScreen.storyboard */,
				1897138A23B4CF1A003320F8 /* Info.plist */,
				1841028D23C4F5B200D19755 /* credentials.plist */,
			);
			path = Zagil;
			sourceTree = "<group>";
		};
		18A8275123D21F0100F28BAA /* Model */ = {
			isa = PBXGroup;
			children = (
				18A8275223D21F0F00F28BAA /* UserModel */,
				185A85A823DB1F2D00F59EE1 /* tripFeedModel.swift */,
			);
			path = Model;
			sourceTree = "<group>";
		};
		18A8275223D21F0F00F28BAA /* UserModel */ = {
			isa = PBXGroup;
			children = (
				18A8275323D21F5800F28BAA /* UserModel.swift */,
				184D92A723E156BE0098B0F8 /* googleUser.swift */,
			);
			path = UserModel;
			sourceTree = "<group>";
		};
		18B0634123B6208C001B6F29 /* TabBarControllers */ = {
			isa = PBXGroup;
			children = (
				18B0634623B62134001B6F29 /* shipmentViewController.swift */,
				18B0634823B62134001B6F29 /* MessageViewController.swift */,
				18B0634423B62134001B6F29 /* ProfileViewController.swift */,
				18B0634523B62134001B6F29 /* HomeViewController.swift */,
				18B0634323B62134001B6F29 /* MainTabBarController.swift */,
				18B0634723B62134001B6F29 /* CYLPlusButtonSubclass.swift */,
				18193DDC23D08CD4003CDA7F /* dashboardVC.swift */,
			);
			path = TabBarControllers;
			sourceTree = "<group>";
		};
		18D80C2023C1F61000DE458D /* SignUP&SignINcontroller */ = {
			isa = PBXGroup;
			children = (
				18D80C2123C1F63E00DE458D /* firstViewController.swift */,
				18D80C2323C1F81300DE458D /* signUpViewController.swift */,
				1840C80523C1FDF0004BA0DB /* signInViewController.swift */,
			);
			path = "SignUP&SignINcontroller";
			sourceTree = "<group>";
		};
		18EE9AFC23B8C28F00564E16 /* ShipmentSettings */ = {
			isa = PBXGroup;
			children = (
				1855943123B7790C008012BE /* SettingsViewController.swift */,
			);
			path = ShipmentSettings;
			sourceTree = "<group>";
		};
		18EE9AFD23B8C2CE00564E16 /* Shipments */ = {
			isa = PBXGroup;
			children = (
			);
			path = Shipments;
			sourceTree = "<group>";
		};
		18EE9AFE23B8C2E100564E16 /* ShipmentTrips */ = {
			isa = PBXGroup;
			children = (
			);
			path = ShipmentTrips;
			sourceTree = "<group>";
		};
		18EE9AFF23B8C2EB00564E16 /* ShipmentActivity */ = {
			isa = PBXGroup;
			children = (
			);
			path = ShipmentActivity;
			sourceTree = "<group>";
		};
		18EE9B0023B8C4FC00564E16 /* StoryBoards */ = {
			isa = PBXGroup;
			children = (
				18EE9B0123B8C52000564E16 /* Dshipment.storyboard */,
				18EE9B0323B8C54300564E16 /* Dtrips.storyboard */,
				18EE9B0523B8C55500564E16 /* Dactivity.storyboard */,
				18EE9B0723B8C56100564E16 /* Dsetting.storyboard */,
			);
			path = StoryBoards;
			sourceTree = "<group>";
		};
		3BE9007489A3E4D171E8E22E /* Frameworks */ = {
			isa = PBXGroup;
			children = (
				75C143DE91B3522871207F93 /* Pods_Zagil.framework */,
			);
			name = Frameworks;
			sourceTree = "<group>";
		};
		AEAD30B9268B71A08AEA6BA9 /* Pods */ = {
			isa = PBXGroup;
			children = (
				E91BC30BDA6615AE73032539 /* Pods-Zagil.debug.xcconfig */,
				39E003688AD5EB0BFC0E46EF /* Pods-Zagil.release.xcconfig */,
			);
			path = Pods;
			sourceTree = "<group>";
		};
/* End PBXGroup section */

/* Begin PBXNativeTarget section */
		1897137823B4CF16003320F8 /* Zagil */ = {
			isa = PBXNativeTarget;
			buildConfigurationList = 1897138D23B4CF1A003320F8 /* Build configuration list for PBXNativeTarget "Zagil" */;
			buildPhases = (
				C83264C601C9D10D4A114D37 /* [CP] Check Pods Manifest.lock */,
				1897137523B4CF16003320F8 /* Sources */,
				1897137623B4CF16003320F8 /* Frameworks */,
				1897137723B4CF16003320F8 /* Resources */,
				ABB13190AC90551AB103577D /* [CP] Embed Pods Frameworks */,
				A3E1B07CFE61BB34D1002C3D /* [CP] Copy Pods Resources */,
			);
			buildRules = (
			);
			dependencies = (
			);
			name = Zagil;
			productName = Zagil;
			productReference = 1897137923B4CF16003320F8 /* Zagil.app */;
			productType = "com.apple.product-type.application";
		};
/* End PBXNativeTarget section */

/* Begin PBXProject section */
		1897137123B4CF16003320F8 /* Project object */ = {
			isa = PBXProject;
			attributes = {
				LastSwiftUpdateCheck = 1110;
				LastUpgradeCheck = 1110;
				ORGANIZATIONNAME = Apple;
				TargetAttributes = {
					1897137823B4CF16003320F8 = {
						CreatedOnToolsVersion = 11.1;
						LastSwiftMigration = 1110;
					};
				};
			};
			buildConfigurationList = 1897137423B4CF16003320F8 /* Build configuration list for PBXProject "Zagil" */;
			compatibilityVersion = "Xcode 9.3";
			developmentRegion = en;
			hasScannedForEncodings = 0;
			knownRegions = (
				en,
				Base,
			);
			mainGroup = 1897137023B4CF16003320F8;
			productRefGroup = 1897137A23B4CF16003320F8 /* Products */;
			projectDirPath = "";
			projectRoot = "";
			targets = (
				1897137823B4CF16003320F8 /* Zagil */,
			);
		};
/* End PBXProject section */

/* Begin PBXResourcesBuildPhase section */
		1897137723B4CF16003320F8 /* Resources */ = {
			isa = PBXResourcesBuildPhase;
			buildActionMask = 2147483647;
			files = (
				1855942D23B767A3008012BE /* ooredoo-Regular_gdi.ttf in Resources */,
				1897138923B4CF1A003320F8 /* LaunchScreen.storyboard in Resources */,
				1897138623B4CF1A003320F8 /* Assets.xcassets in Resources */,
				18EE9B0423B8C54300564E16 /* Dtrips.storyboard in Resources */,
				18EE9B0623B8C55500564E16 /* Dactivity.storyboard in Resources */,
				18EE9B0223B8C52000564E16 /* Dshipment.storyboard in Resources */,
				18EE9B0823B8C56100564E16 /* Dsetting.storyboard in Resources */,
				1841028E23C4F5B200D19755 /* credentials.plist in Resources */,
				1855942F23B767AC008012BE /* ooredoo-Bold_gdi.ttf in Resources */,
				1897138423B4CF16003320F8 /* Main.storyboard in Resources */,
			);
			runOnlyForDeploymentPostprocessing = 0;
		};
/* End PBXResourcesBuildPhase section */

/* Begin PBXShellScriptBuildPhase section */
		A3E1B07CFE61BB34D1002C3D /* [CP] Copy Pods Resources */ = {
			isa = PBXShellScriptBuildPhase;
			buildActionMask = 2147483647;
			files = (
			);
			inputFileListPaths = (
				"${PODS_ROOT}/Target Support Files/Pods-Zagil/Pods-Zagil-resources-${CONFIGURATION}-input-files.xcfilelist",
			);
			name = "[CP] Copy Pods Resources";
			outputFileListPaths = (
				"${PODS_ROOT}/Target Support Files/Pods-Zagil/Pods-Zagil-resources-${CONFIGURATION}-output-files.xcfilelist",
			);
			runOnlyForDeploymentPostprocessing = 0;
			shellPath = /bin/sh;
			shellScript = "\"${PODS_ROOT}/Target Support Files/Pods-Zagil/Pods-Zagil-resources.sh\"\n";
			showEnvVarsInLog = 0;
		};
		ABB13190AC90551AB103577D /* [CP] Embed Pods Frameworks */ = {
			isa = PBXShellScriptBuildPhase;
			buildActionMask = 2147483647;
			files = (
			);
			inputFileListPaths = (
				"${PODS_ROOT}/Target Support Files/Pods-Zagil/Pods-Zagil-frameworks-${CONFIGURATION}-input-files.xcfilelist",
			);
			name = "[CP] Embed Pods Frameworks";
			outputFileListPaths = (
				"${PODS_ROOT}/Target Support Files/Pods-Zagil/Pods-Zagil-frameworks-${CONFIGURATION}-output-files.xcfilelist",
			);
			runOnlyForDeploymentPostprocessing = 0;
			shellPath = /bin/sh;
			shellScript = "\"${PODS_ROOT}/Target Support Files/Pods-Zagil/Pods-Zagil-frameworks.sh\"\n";
			showEnvVarsInLog = 0;
		};
		C83264C601C9D10D4A114D37 /* [CP] Check Pods Manifest.lock */ = {
			isa = PBXShellScriptBuildPhase;
			buildActionMask = 2147483647;
			files = (
			);
			inputFileListPaths = (
			);
			inputPaths = (
				"${PODS_PODFILE_DIR_PATH}/Podfile.lock",
				"${PODS_ROOT}/Manifest.lock",
			);
			name = "[CP] Check Pods Manifest.lock";
			outputFileListPaths = (
			);
			outputPaths = (
				"$(DERIVED_FILE_DIR)/Pods-Zagil-checkManifestLockResult.txt",
			);
			runOnlyForDeploymentPostprocessing = 0;
			shellPath = /bin/sh;
			shellScript = "diff \"${PODS_PODFILE_DIR_PATH}/Podfile.lock\" \"${PODS_ROOT}/Manifest.lock\" > /dev/null\nif [ $? != 0 ] ; then\n    # print error to STDERR\n    echo \"error: The sandbox is not in sync with the Podfile.lock. Run 'pod install' or update your CocoaPods installation.\" >&2\n    exit 1\nfi\n# This output is used by Xcode 'outputs' to avoid re-running this script phase.\necho \"SUCCESS\" > \"${SCRIPT_OUTPUT_FILE_0}\"\n";
			showEnvVarsInLog = 0;
		};
/* End PBXShellScriptBuildPhase section */

/* Begin PBXSourcesBuildPhase section */
		1897137523B4CF16003320F8 /* Sources */ = {
			isa = PBXSourcesBuildPhase;
			buildActionMask = 2147483647;
			files = (
				180C2F2823C3B71700591A8A /* APIManager.swift in Sources */,
				18D80C2223C1F63E00DE458D /* firstViewController.swift in Sources */,
				18D80C2423C1F81300DE458D /* signUpViewController.swift in Sources */,
				180C2F2723C3B71700591A8A /* AppUtil.swift in Sources */,
				18A8275023D200C800F28BAA /* calendarPopOverVC.swift in Sources */,
				18B0634E23B62134001B6F29 /* CYLPlusButtonSubclass.swift in Sources */,
				18A8274E23D1F66A00F28BAA /* newTripVC.swift in Sources */,
				1853761B23D0B409001691A6 /* mapsViewController.swift in Sources */,
				18A8275423D21F5800F28BAA /* UserModel.swift in Sources */,
				18B0634A23B62134001B6F29 /* MainTabBarController.swift in Sources */,
				1855943223B7790C008012BE /* SettingsViewController.swift in Sources */,
				18B0634F23B62134001B6F29 /* MessageViewController.swift in Sources */,
				18A8274A23D1EA3400F28BAA /* TextFieldDesignable.swift in Sources */,
				187DAE5B23FC8827000D86B2 /* shipmentFeedVC.swift in Sources */,
				1897137D23B4CF16003320F8 /* AppDelegate.swift in Sources */,
				1853761923D09FCB001691A6 /* tripFeedVC.swift in Sources */,
				184D92A823E156BE0098B0F8 /* googleUser.swift in Sources */,
				1840C80923C20282004BA0DB /* ToastView.swift in Sources */,
				189B1A8823D9F083008C12BA /* tripFeedCell.swift in Sources */,
				18A8274C23D1F3A800F28BAA /* TextViewDesignables.swift in Sources */,
				185A85A923DB1F2D00F59EE1 /* tripFeedModel.swift in Sources */,
				18F1336F23FDDC6C0037D937 /* newShipmentVC.swift in Sources */,
				18B0634D23B62134001B6F29 /* shipmentViewController.swift in Sources */,
				18B0634B23B62134001B6F29 /* ProfileViewController.swift in Sources */,
				18B0635323B626E2001B6F29 /* TermConditionsVC.swift in Sources */,
				18B0634C23B62134001B6F29 /* HomeViewController.swift in Sources */,
				1840C80623C1FDF0004BA0DB /* signInViewController.swift in Sources */,
				18193DDD23D08CD4003CDA7F /* dashboardVC.swift in Sources */,
			);
			runOnlyForDeploymentPostprocessing = 0;
		};
/* End PBXSourcesBuildPhase section */

/* Begin PBXVariantGroup section */
		1897138223B4CF16003320F8 /* Main.storyboard */ = {
			isa = PBXVariantGroup;
			children = (
				1897138323B4CF16003320F8 /* Base */,
			);
			name = Main.storyboard;
			sourceTree = "<group>";
		};
		1897138723B4CF1A003320F8 /* LaunchScreen.storyboard */ = {
			isa = PBXVariantGroup;
			children = (
				1897138823B4CF1A003320F8 /* Base */,
			);
			name = LaunchScreen.storyboard;
			sourceTree = "<group>";
		};
/* End PBXVariantGroup section */

/* Begin XCBuildConfiguration section */
		1897138B23B4CF1A003320F8 /* Debug */ = {
			isa = XCBuildConfiguration;
			buildSettings = {
				ALWAYS_SEARCH_USER_PATHS = NO;
				CLANG_ANALYZER_NONNULL = YES;
				CLANG_ANALYZER_NUMBER_OBJECT_CONVERSION = YES_AGGRESSIVE;
				CLANG_CXX_LANGUAGE_STANDARD = "gnu++14";
				CLANG_CXX_LIBRARY = "libc++";
				CLANG_ENABLE_MODULES = YES;
				CLANG_ENABLE_OBJC_ARC = YES;
				CLANG_ENABLE_OBJC_WEAK = YES;
				CLANG_WARN_BLOCK_CAPTURE_AUTORELEASING = YES;
				CLANG_WARN_BOOL_CONVERSION = YES;
				CLANG_WARN_COMMA = YES;
				CLANG_WARN_CONSTANT_CONVERSION = YES;
				CLANG_WARN_DEPRECATED_OBJC_IMPLEMENTATIONS = YES;
				CLANG_WARN_DIRECT_OBJC_ISA_USAGE = YES_ERROR;
				CLANG_WARN_DOCUMENTATION_COMMENTS = YES;
				CLANG_WARN_EMPTY_BODY = YES;
				CLANG_WARN_ENUM_CONVERSION = YES;
				CLANG_WARN_INFINITE_RECURSION = YES;
				CLANG_WARN_INT_CONVERSION = YES;
				CLANG_WARN_NON_LITERAL_NULL_CONVERSION = YES;
				CLANG_WARN_OBJC_IMPLICIT_RETAIN_SELF = YES;
				CLANG_WARN_OBJC_LITERAL_CONVERSION = YES;
				CLANG_WARN_OBJC_ROOT_CLASS = YES_ERROR;
				CLANG_WARN_RANGE_LOOP_ANALYSIS = YES;
				CLANG_WARN_STRICT_PROTOTYPES = YES;
				CLANG_WARN_SUSPICIOUS_MOVE = YES;
				CLANG_WARN_UNGUARDED_AVAILABILITY = YES_AGGRESSIVE;
				CLANG_WARN_UNREACHABLE_CODE = YES;
				CLANG_WARN__DUPLICATE_METHOD_MATCH = YES;
				COPY_PHASE_STRIP = NO;
				DEBUG_INFORMATION_FORMAT = dwarf;
				ENABLE_STRICT_OBJC_MSGSEND = YES;
				ENABLE_TESTABILITY = YES;
				GCC_C_LANGUAGE_STANDARD = gnu11;
				GCC_DYNAMIC_NO_PIC = NO;
				GCC_NO_COMMON_BLOCKS = YES;
				GCC_OPTIMIZATION_LEVEL = 0;
				GCC_PREPROCESSOR_DEFINITIONS = (
					"DEBUG=1",
					"$(inherited)",
				);
				GCC_WARN_64_TO_32_BIT_CONVERSION = YES;
				GCC_WARN_ABOUT_RETURN_TYPE = YES_ERROR;
				GCC_WARN_UNDECLARED_SELECTOR = YES;
				GCC_WARN_UNINITIALIZED_AUTOS = YES_AGGRESSIVE;
				GCC_WARN_UNUSED_FUNCTION = YES;
				GCC_WARN_UNUSED_VARIABLE = YES;
				IPHONEOS_DEPLOYMENT_TARGET = 13.1;
				MTL_ENABLE_DEBUG_INFO = INCLUDE_SOURCE;
				MTL_FAST_MATH = YES;
				ONLY_ACTIVE_ARCH = YES;
				SDKROOT = iphoneos;
				SWIFT_ACTIVE_COMPILATION_CONDITIONS = DEBUG;
				SWIFT_OPTIMIZATION_LEVEL = "-Onone";
			};
			name = Debug;
		};
		1897138C23B4CF1A003320F8 /* Release */ = {
			isa = XCBuildConfiguration;
			buildSettings = {
				ALWAYS_SEARCH_USER_PATHS = NO;
				CLANG_ANALYZER_NONNULL = YES;
				CLANG_ANALYZER_NUMBER_OBJECT_CONVERSION = YES_AGGRESSIVE;
				CLANG_CXX_LANGUAGE_STANDARD = "gnu++14";
				CLANG_CXX_LIBRARY = "libc++";
				CLANG_ENABLE_MODULES = YES;
				CLANG_ENABLE_OBJC_ARC = YES;
				CLANG_ENABLE_OBJC_WEAK = YES;
				CLANG_WARN_BLOCK_CAPTURE_AUTORELEASING = YES;
				CLANG_WARN_BOOL_CONVERSION = YES;
				CLANG_WARN_COMMA = YES;
				CLANG_WARN_CONSTANT_CONVERSION = YES;
				CLANG_WARN_DEPRECATED_OBJC_IMPLEMENTATIONS = YES;
				CLANG_WARN_DIRECT_OBJC_ISA_USAGE = YES_ERROR;
				CLANG_WARN_DOCUMENTATION_COMMENTS = YES;
				CLANG_WARN_EMPTY_BODY = YES;
				CLANG_WARN_ENUM_CONVERSION = YES;
				CLANG_WARN_INFINITE_RECURSION = YES;
				CLANG_WARN_INT_CONVERSION = YES;
				CLANG_WARN_NON_LITERAL_NULL_CONVERSION = YES;
				CLANG_WARN_OBJC_IMPLICIT_RETAIN_SELF = YES;
				CLANG_WARN_OBJC_LITERAL_CONVERSION = YES;
				CLANG_WARN_OBJC_ROOT_CLASS = YES_ERROR;
				CLANG_WARN_RANGE_LOOP_ANALYSIS = YES;
				CLANG_WARN_STRICT_PROTOTYPES = YES;
				CLANG_WARN_SUSPICIOUS_MOVE = YES;
				CLANG_WARN_UNGUARDED_AVAILABILITY = YES_AGGRESSIVE;
				CLANG_WARN_UNREACHABLE_CODE = YES;
				CLANG_WARN__DUPLICATE_METHOD_MATCH = YES;
				COPY_PHASE_STRIP = NO;
				DEBUG_INFORMATION_FORMAT = "dwarf-with-dsym";
				ENABLE_NS_ASSERTIONS = NO;
				ENABLE_STRICT_OBJC_MSGSEND = YES;
				GCC_C_LANGUAGE_STANDARD = gnu11;
				GCC_NO_COMMON_BLOCKS = YES;
				GCC_WARN_64_TO_32_BIT_CONVERSION = YES;
				GCC_WARN_ABOUT_RETURN_TYPE = YES_ERROR;
				GCC_WARN_UNDECLARED_SELECTOR = YES;
				GCC_WARN_UNINITIALIZED_AUTOS = YES_AGGRESSIVE;
				GCC_WARN_UNUSED_FUNCTION = YES;
				GCC_WARN_UNUSED_VARIABLE = YES;
				IPHONEOS_DEPLOYMENT_TARGET = 13.1;
				MTL_ENABLE_DEBUG_INFO = NO;
				MTL_FAST_MATH = YES;
				SDKROOT = iphoneos;
				SWIFT_COMPILATION_MODE = wholemodule;
				SWIFT_OPTIMIZATION_LEVEL = "-O";
				VALIDATE_PRODUCT = YES;
			};
			name = Release;
		};
		1897138E23B4CF1A003320F8 /* Debug */ = {
			isa = XCBuildConfiguration;
			baseConfigurationReference = E91BC30BDA6615AE73032539 /* Pods-Zagil.debug.xcconfig */;
			buildSettings = {
				ASSETCATALOG_COMPILER_APPICON_NAME = AppIcon;
				CLANG_ENABLE_MODULES = YES;
				CODE_SIGN_STYLE = Automatic;
				DEVELOPMENT_TEAM = VP36T5UB3S;
				INFOPLIST_FILE = Zagil/Info.plist;
				IPHONEOS_DEPLOYMENT_TARGET = 12.2;
				LD_RUNPATH_SEARCH_PATHS = (
					"$(inherited)",
					"@executable_path/Frameworks",
				);
				PRODUCT_BUNDLE_IDENTIFIER = com.mvp.Zagil;
				PRODUCT_NAME = "$(TARGET_NAME)";
				SWIFT_OBJC_BRIDGING_HEADER = "Zagil/Utilities/Zagil-Bridging-Header.h";
				SWIFT_OPTIMIZATION_LEVEL = "-Onone";
				SWIFT_VERSION = 5.0;
				TARGETED_DEVICE_FAMILY = "1,2";
			};
			name = Debug;
		};
		1897138F23B4CF1A003320F8 /* Release */ = {
			isa = XCBuildConfiguration;
			baseConfigurationReference = 39E003688AD5EB0BFC0E46EF /* Pods-Zagil.release.xcconfig */;
			buildSettings = {
				ASSETCATALOG_COMPILER_APPICON_NAME = AppIcon;
				CLANG_ENABLE_MODULES = YES;
				CODE_SIGN_STYLE = Automatic;
				DEVELOPMENT_TEAM = VP36T5UB3S;
				INFOPLIST_FILE = Zagil/Info.plist;
				IPHONEOS_DEPLOYMENT_TARGET = 12.2;
				LD_RUNPATH_SEARCH_PATHS = (
					"$(inherited)",
					"@executable_path/Frameworks",
				);
				PRODUCT_BUNDLE_IDENTIFIER = com.mvp.Zagil;
				PRODUCT_NAME = "$(TARGET_NAME)";
				SWIFT_OBJC_BRIDGING_HEADER = "Zagil/Utilities/Zagil-Bridging-Header.h";
				SWIFT_VERSION = 5.0;
				TARGETED_DEVICE_FAMILY = "1,2";
			};
			name = Release;
		};
/* End XCBuildConfiguration section */

/* Begin XCConfigurationList section */
		1897137423B4CF16003320F8 /* Build configuration list for PBXProject "Zagil" */ = {
			isa = XCConfigurationList;
			buildConfigurations = (
				1897138B23B4CF1A003320F8 /* Debug */,
				1897138C23B4CF1A003320F8 /* Release */,
			);
			defaultConfigurationIsVisible = 0;
			defaultConfigurationName = Release;
		};
		1897138D23B4CF1A003320F8 /* Build configuration list for PBXNativeTarget "Zagil" */ = {
			isa = XCConfigurationList;
			buildConfigurations = (
				1897138E23B4CF1A003320F8 /* Debug */,
				1897138F23B4CF1A003320F8 /* Release */,
			);
			defaultConfigurationIsVisible = 0;
			defaultConfigurationName = Release;
		};
/* End XCConfigurationList section */
	};
	rootObject = 1897137123B4CF16003320F8 /* Project object */;
}
